
Microsoft Visual Studio Solution File, Format Version 12.00
# Visual Studio Version 17
VisualStudioVersion = 17.5.33516.290
MinimumVisualStudioVersion = 10.0.40219.1
Project("{FAE04EC0-301F-11D3-BF4B-00C04F79EFBC}") = "Repaso 1", "Repaso 1\Repaso 1.csproj", "{CA4A94C6-3804-4523-B974-277F4F03D983}"
EndProject
Global
	GlobalSection(SolutionConfigurationPlatforms) = preSolution
		Debug|Any CPU = Debug|Any CPU
		Release|Any CPU = Release|Any CPU
	EndGlobalSection
	GlobalSection(ProjectConfigurationPlatforms) = postSolution
		{CA4A94C6-3804-4523-B974-277F4F03D983}.Debug|Any CPU.ActiveCfg = Debug|Any CPU
		{CA4A94C6-3804-4523-B974-277F4F03D983}.Debug|Any CPU.Build.0 = Debug|Any CPU
		{CA4A94C6-3804-4523-B974-277F4F03D983}.Release|Any CPU.ActiveCfg = Release|Any CPU
		{CA4A94C6-3804-4523-B974-277F4F03D983}.Release|Any CPU.Build.0 = Release|Any CPU
	EndGlobalSection
	GlobalSection(SolutionProperties) = preSolution
		HideSolutionNode = FALSE
	EndGlobalSection
	GlobalSection(ExtensibilityGlobals) = postSolution
		SolutionGuid = {E7F6A106-CE6D-462F-8A1B-708565D74BD6}
	EndGlobalSection
EndGlobal
